
Microsoft Visual Studio Solution File, Format Version 12.00
# Visual Studio 11
Project("{FAE04EC0-301F-11D3-BF4B-00C04F79EFBC}") = "Comments", "Comments\Comments.csproj", "{B8DC8A4A-07D6-4751-AA04-16A3EC084E91}"
EndProject
Project("{FAE04EC0-301F-11D3-BF4B-00C04F79EFBC}") = "Comments.Tests", "Comments.Tests\Comments.Tests.csproj", "{8ECB522C-3300-4106-B41F-3F0ED5A67879}"
EndProject
Global
	GlobalSection(SolutionConfigurationPlatforms) = preSolution
		Debug|Any CPU = Debug|Any CPU
		Release|Any CPU = Release|Any CPU
	EndGlobalSection
	GlobalSection(ProjectConfigurationPlatforms) = postSolution
		{8ECB522C-3300-4106-B41F-3F0ED5A67879}.Debug|Any CPU.ActiveCfg = Debug|Any CPU
		{8ECB522C-3300-4106-B41F-3F0ED5A67879}.Debug|Any CPU.Build.0 = Debug|Any CPU
		{8ECB522C-3300-4106-B41F-3F0ED5A67879}.Release|Any CPU.ActiveCfg = Release|Any CPU
		{8ECB522C-3300-4106-B41F-3F0ED5A67879}.Release|Any CPU.Build.0 = Release|Any CPU
		{B8DC8A4A-07D6-4751-AA04-16A3EC084E91}.Debug|Any CPU.ActiveCfg = Debug|Any CPU
		{B8DC8A4A-07D6-4751-AA04-16A3EC084E91}.Debug|Any CPU.Build.0 = Debug|Any CPU
		{B8DC8A4A-07D6-4751-AA04-16A3EC084E91}.Release|Any CPU.ActiveCfg = Release|Any CPU
		{B8DC8A4A-07D6-4751-AA04-16A3EC084E91}.Release|Any CPU.Build.0 = Release|Any CPU
	EndGlobalSection
	GlobalSection(SolutionProperties) = preSolution
		HideSolutionNode = FALSE
	EndGlobalSection
EndGlobal
