
Microsoft Visual Studio Solution File, Format Version 12.00
# Visual Studio 2012
Project("{2150E333-8FDC-42A3-9474-1A3956D46DE8}") = "01-HelloWorld", "01-HelloWorld", "{369585D3-F406-49EB-9894-328DDB188F7C}"
EndProject
Project("{FAE04EC0-301F-11D3-BF4B-00C04F79EFBC}") = "HelloWorld", "HelloWorld\HelloWorld.csproj", "{7C17A9C5-E37D-43A4-A109-58E2C0494A80}"
EndProject
Project("{FAE04EC0-301F-11D3-BF4B-00C04F79EFBC}") = "CodeHelloWorld", "CodeHelloWorld\CodeHelloWorld.csproj", "{D339858E-9DB0-4EBF-9C1E-9BE10F6B53B5}"
EndProject
Project("{2150E333-8FDC-42A3-9474-1A3956D46DE8}") = "02-XAML", "02-XAML", "{7149F2AF-CFBB-4459-B835-E40254CD3AD0}"
EndProject
Project("{FAE04EC0-301F-11D3-BF4B-00C04F79EFBC}") = "CustomXaml", "CustomXaml\CustomXaml.csproj", "{112E694C-3078-45F1-B68D-988EDE017D66}"
EndProject
Project("{FAE04EC0-301F-11D3-BF4B-00C04F79EFBC}") = "CustomXaml02", "CustomXaml02\CustomXaml02.csproj", "{B9C24875-E7DA-4E72-82B6-D70C4D7BA721}"
EndProject
Project("{FAE04EC0-301F-11D3-BF4B-00C04F79EFBC}") = "CustomXaml03", "CustomXaml03\CustomXaml03.csproj", "{08D0AA04-B379-45B2-8EFD-03B93DAE9217}"
EndProject
Project("{FAE04EC0-301F-11D3-BF4B-00C04F79EFBC}") = "CustomXaml04", "CustomXaml04\CustomXaml04.csproj", "{1541D5D6-204C-496E-B587-7B421C8D0892}"
EndProject
Project("{FAE04EC0-301F-11D3-BF4B-00C04F79EFBC}") = "CollectionXaml", "CollectionXaml\CollectionXaml.csproj", "{09F45087-3895-4E3E-B9DC-BDFD1CC348D1}"
EndProject
Project("{FAE04EC0-301F-11D3-BF4B-00C04F79EFBC}") = "CollectionXaml.ContentProperty", "CollectionXaml.ContentProperty\CollectionXaml.ContentProperty.csproj", "{68E26F68-4279-4670-8D9F-065220F439E4}"
EndProject
Project("{FAE04EC0-301F-11D3-BF4B-00C04F79EFBC}") = "MarkupExtensionSample", "MarkupExtensionSample\MarkupExtensionSample.csproj", "{97D9F69C-A518-4A12-8A4B-1607F19B2A12}"
EndProject
Global
	GlobalSection(SolutionConfigurationPlatforms) = preSolution
		Debug|Any CPU = Debug|Any CPU
		Release|Any CPU = Release|Any CPU
	EndGlobalSection
	GlobalSection(ProjectConfigurationPlatforms) = postSolution
		{7C17A9C5-E37D-43A4-A109-58E2C0494A80}.Debug|Any CPU.ActiveCfg = Debug|Any CPU
		{7C17A9C5-E37D-43A4-A109-58E2C0494A80}.Debug|Any CPU.Build.0 = Debug|Any CPU
		{7C17A9C5-E37D-43A4-A109-58E2C0494A80}.Release|Any CPU.ActiveCfg = Release|Any CPU
		{7C17A9C5-E37D-43A4-A109-58E2C0494A80}.Release|Any CPU.Build.0 = Release|Any CPU
		{D339858E-9DB0-4EBF-9C1E-9BE10F6B53B5}.Debug|Any CPU.ActiveCfg = Debug|Any CPU
		{D339858E-9DB0-4EBF-9C1E-9BE10F6B53B5}.Debug|Any CPU.Build.0 = Debug|Any CPU
		{D339858E-9DB0-4EBF-9C1E-9BE10F6B53B5}.Release|Any CPU.ActiveCfg = Release|Any CPU
		{D339858E-9DB0-4EBF-9C1E-9BE10F6B53B5}.Release|Any CPU.Build.0 = Release|Any CPU
		{112E694C-3078-45F1-B68D-988EDE017D66}.Debug|Any CPU.ActiveCfg = Debug|Any CPU
		{112E694C-3078-45F1-B68D-988EDE017D66}.Debug|Any CPU.Build.0 = Debug|Any CPU
		{112E694C-3078-45F1-B68D-988EDE017D66}.Release|Any CPU.ActiveCfg = Release|Any CPU
		{112E694C-3078-45F1-B68D-988EDE017D66}.Release|Any CPU.Build.0 = Release|Any CPU
		{B9C24875-E7DA-4E72-82B6-D70C4D7BA721}.Debug|Any CPU.ActiveCfg = Debug|Any CPU
		{B9C24875-E7DA-4E72-82B6-D70C4D7BA721}.Debug|Any CPU.Build.0 = Debug|Any CPU
		{B9C24875-E7DA-4E72-82B6-D70C4D7BA721}.Release|Any CPU.ActiveCfg = Release|Any CPU
		{B9C24875-E7DA-4E72-82B6-D70C4D7BA721}.Release|Any CPU.Build.0 = Release|Any CPU
		{08D0AA04-B379-45B2-8EFD-03B93DAE9217}.Debug|Any CPU.ActiveCfg = Debug|Any CPU
		{08D0AA04-B379-45B2-8EFD-03B93DAE9217}.Debug|Any CPU.Build.0 = Debug|Any CPU
		{08D0AA04-B379-45B2-8EFD-03B93DAE9217}.Release|Any CPU.ActiveCfg = Release|Any CPU
		{08D0AA04-B379-45B2-8EFD-03B93DAE9217}.Release|Any CPU.Build.0 = Release|Any CPU
		{1541D5D6-204C-496E-B587-7B421C8D0892}.Debug|Any CPU.ActiveCfg = Debug|Any CPU
		{1541D5D6-204C-496E-B587-7B421C8D0892}.Debug|Any CPU.Build.0 = Debug|Any CPU
		{1541D5D6-204C-496E-B587-7B421C8D0892}.Release|Any CPU.ActiveCfg = Release|Any CPU
		{1541D5D6-204C-496E-B587-7B421C8D0892}.Release|Any CPU.Build.0 = Release|Any CPU
		{09F45087-3895-4E3E-B9DC-BDFD1CC348D1}.Debug|Any CPU.ActiveCfg = Debug|Any CPU
		{09F45087-3895-4E3E-B9DC-BDFD1CC348D1}.Debug|Any CPU.Build.0 = Debug|Any CPU
		{09F45087-3895-4E3E-B9DC-BDFD1CC348D1}.Release|Any CPU.ActiveCfg = Release|Any CPU
		{09F45087-3895-4E3E-B9DC-BDFD1CC348D1}.Release|Any CPU.Build.0 = Release|Any CPU
		{68E26F68-4279-4670-8D9F-065220F439E4}.Debug|Any CPU.ActiveCfg = Debug|Any CPU
		{68E26F68-4279-4670-8D9F-065220F439E4}.Debug|Any CPU.Build.0 = Debug|Any CPU
		{68E26F68-4279-4670-8D9F-065220F439E4}.Release|Any CPU.ActiveCfg = Release|Any CPU
		{68E26F68-4279-4670-8D9F-065220F439E4}.Release|Any CPU.Build.0 = Release|Any CPU
		{97D9F69C-A518-4A12-8A4B-1607F19B2A12}.Debug|Any CPU.ActiveCfg = Debug|Any CPU
		{97D9F69C-A518-4A12-8A4B-1607F19B2A12}.Debug|Any CPU.Build.0 = Debug|Any CPU
		{97D9F69C-A518-4A12-8A4B-1607F19B2A12}.Release|Any CPU.ActiveCfg = Release|Any CPU
		{97D9F69C-A518-4A12-8A4B-1607F19B2A12}.Release|Any CPU.Build.0 = Release|Any CPU
	EndGlobalSection
	GlobalSection(SolutionProperties) = preSolution
		HideSolutionNode = FALSE
	EndGlobalSection
	GlobalSection(NestedProjects) = preSolution
		{7C17A9C5-E37D-43A4-A109-58E2C0494A80} = {369585D3-F406-49EB-9894-328DDB188F7C}
		{D339858E-9DB0-4EBF-9C1E-9BE10F6B53B5} = {369585D3-F406-49EB-9894-328DDB188F7C}
		{112E694C-3078-45F1-B68D-988EDE017D66} = {7149F2AF-CFBB-4459-B835-E40254CD3AD0}
		{B9C24875-E7DA-4E72-82B6-D70C4D7BA721} = {7149F2AF-CFBB-4459-B835-E40254CD3AD0}
		{08D0AA04-B379-45B2-8EFD-03B93DAE9217} = {7149F2AF-CFBB-4459-B835-E40254CD3AD0}
		{1541D5D6-204C-496E-B587-7B421C8D0892} = {7149F2AF-CFBB-4459-B835-E40254CD3AD0}
		{09F45087-3895-4E3E-B9DC-BDFD1CC348D1} = {7149F2AF-CFBB-4459-B835-E40254CD3AD0}
		{68E26F68-4279-4670-8D9F-065220F439E4} = {7149F2AF-CFBB-4459-B835-E40254CD3AD0}
		{97D9F69C-A518-4A12-8A4B-1607F19B2A12} = {7149F2AF-CFBB-4459-B835-E40254CD3AD0}
	EndGlobalSection
EndGlobal
