
Microsoft Visual Studio Solution File, Format Version 12.00
# Visual Studio 2013
VisualStudioVersion = 12.0.30723.0
MinimumVisualStudioVersion = 10.0.40219.1
Project("{2150E333-8FDC-42A3-9474-1A3956D46DE8}") = "01-Basic", "01-Basic", "{369585D3-F406-49EB-9894-328DDB188F7C}"
EndProject
Project("{FAE04EC0-301F-11D3-BF4B-00C04F79EFBC}") = "HelloWorld", "HelloWorld\HelloWorld.csproj", "{7C17A9C5-E37D-43A4-A109-58E2C0494A80}"
EndProject
Project("{FAE04EC0-301F-11D3-BF4B-00C04F79EFBC}") = "CodeHelloWorld", "CodeHelloWorld\CodeHelloWorld.csproj", "{D339858E-9DB0-4EBF-9C1E-9BE10F6B53B5}"
EndProject
Project("{2150E333-8FDC-42A3-9474-1A3956D46DE8}") = "02-XAML", "02-XAML", "{7149F2AF-CFBB-4459-B835-E40254CD3AD0}"
EndProject
Project("{FAE04EC0-301F-11D3-BF4B-00C04F79EFBC}") = "CustomXaml", "CustomXaml\CustomXaml.csproj", "{112E694C-3078-45F1-B68D-988EDE017D66}"
EndProject
Project("{FAE04EC0-301F-11D3-BF4B-00C04F79EFBC}") = "CustomXaml02", "CustomXaml02\CustomXaml02.csproj", "{B9C24875-E7DA-4E72-82B6-D70C4D7BA721}"
EndProject
Project("{FAE04EC0-301F-11D3-BF4B-00C04F79EFBC}") = "CustomXaml03", "CustomXaml03\CustomXaml03.csproj", "{08D0AA04-B379-45B2-8EFD-03B93DAE9217}"
EndProject
Project("{FAE04EC0-301F-11D3-BF4B-00C04F79EFBC}") = "CustomXaml04", "CustomXaml04\CustomXaml04.csproj", "{1541D5D6-204C-496E-B587-7B421C8D0892}"
EndProject
Project("{FAE04EC0-301F-11D3-BF4B-00C04F79EFBC}") = "CollectionXaml", "CollectionXaml\CollectionXaml.csproj", "{09F45087-3895-4E3E-B9DC-BDFD1CC348D1}"
EndProject
Project("{FAE04EC0-301F-11D3-BF4B-00C04F79EFBC}") = "CollectionXaml.ContentProperty", "CollectionXaml.ContentProperty\CollectionXaml.ContentProperty.csproj", "{68E26F68-4279-4670-8D9F-065220F439E4}"
EndProject
Project("{FAE04EC0-301F-11D3-BF4B-00C04F79EFBC}") = "MarkupExtensionSample", "MarkupExtensionSample\MarkupExtensionSample.csproj", "{97D9F69C-A518-4A12-8A4B-1607F19B2A12}"
EndProject
Project("{2150E333-8FDC-42A3-9474-1A3956D46DE8}") = "03-Layout", "03-Layout", "{D6EEBA13-3474-4BF2-B254-6102C3179B7E}"
EndProject
Project("{FAE04EC0-301F-11D3-BF4B-00C04F79EFBC}") = "BorderSample", "BorderSample\BorderSample.csproj", "{6E0E9197-9DF9-4B42-9D88-93232B766DDD}"
EndProject
Project("{FAE04EC0-301F-11D3-BF4B-00C04F79EFBC}") = "BulletDecoratorSample", "BulletDecoratorSample\BulletDecoratorSample.csproj", "{4EF773B0-5538-4BC3-8289-9F991F075BC3}"
EndProject
Project("{FAE04EC0-301F-11D3-BF4B-00C04F79EFBC}") = "CanvasSample", "CanvasSample\CanvasSample.csproj", "{B91220F6-E5E0-4BDC-BF08-1BAA3452C285}"
EndProject
Project("{FAE04EC0-301F-11D3-BF4B-00C04F79EFBC}") = "StackPanelSample01", "StackPanelSample01\StackPanelSample01.csproj", "{004E3671-BD6A-4F1B-B0EE-6A4328AD5E61}"
EndProject
Project("{FAE04EC0-301F-11D3-BF4B-00C04F79EFBC}") = "StackPanelSample02", "StackPanelSample02\StackPanelSample02.csproj", "{14DF897E-698D-4C48-8C9B-CC44C72A1154}"
EndProject
Project("{FAE04EC0-301F-11D3-BF4B-00C04F79EFBC}") = "DockPanelSample", "DockPanelSample\DockPanelSample.csproj", "{A50BFD84-C6A3-4B4C-97B9-17D766316207}"
EndProject
Project("{FAE04EC0-301F-11D3-BF4B-00C04F79EFBC}") = "WrapPanelSample01", "WrapPanelSample01\WrapPanelSample01.csproj", "{4E25D94D-4533-4C45-BEFD-1F4B29A41529}"
EndProject
Project("{FAE04EC0-301F-11D3-BF4B-00C04F79EFBC}") = "WrapPanelSample02", "WrapPanelSample02\WrapPanelSample02.csproj", "{9B2BDD5C-870C-43B5-9762-1B7E2F9D1157}"
EndProject
Project("{FAE04EC0-301F-11D3-BF4B-00C04F79EFBC}") = "ViewBoxSample", "ViewBoxSample\ViewBoxSample.csproj", "{AE6623A5-F8A2-4235-BDFE-F4EF8332CC6D}"
EndProject
Project("{FAE04EC0-301F-11D3-BF4B-00C04F79EFBC}") = "ScrollViewerSample01", "ScrollViewerSample01\ScrollViewerSample01.csproj", "{B26AAA82-CD80-49C3-87FC-4A607ACAD06C}"
EndProject
Project("{FAE04EC0-301F-11D3-BF4B-00C04F79EFBC}") = "ScrollViewerSample02", "ScrollViewerSample02\ScrollViewerSample02.csproj", "{F41FCD60-75BE-4D77-826C-CFA2835B52A8}"
EndProject
Project("{FAE04EC0-301F-11D3-BF4B-00C04F79EFBC}") = "ScrollViewerSample03", "ScrollViewerSample03\ScrollViewerSample03.csproj", "{74937EBB-DF51-4A24-ABC6-3FE815B23576}"
EndProject
Project("{FAE04EC0-301F-11D3-BF4B-00C04F79EFBC}") = "GridSample01", "GridSample01\GridSample01.csproj", "{D50561E8-C307-4EF2-AA39-4DFB48A78665}"
EndProject
Project("{FAE04EC0-301F-11D3-BF4B-00C04F79EFBC}") = "LayoutPropertySample01", "LayoutPropertySample01\LayoutPropertySample01.csproj", "{4A2F08E4-9CA9-4AA1-A146-DFFCB397F43F}"
EndProject
Project("{FAE04EC0-301F-11D3-BF4B-00C04F79EFBC}") = "ConentModelSample", "ConentModelSample\ConentModelSample.csproj", "{392B5090-4B75-44AB-BD93-74A89D20FE17}"
EndProject
Project("{2150E333-8FDC-42A3-9474-1A3956D46DE8}") = "04-Button", "04-Button", "{8B92C472-3560-4EDE-A049-470779FA945E}"
EndProject
Project("{FAE04EC0-301F-11D3-BF4B-00C04F79EFBC}") = "XBAPHelloWorld", "XBAPHelloWorld\XBAPHelloWorld.csproj", "{EE6C9ED4-D17B-4B52-B92F-511ED1A0BC9F}"
EndProject
Project("{FAE04EC0-301F-11D3-BF4B-00C04F79EFBC}") = "NavigationHelloWorld", "NavigationHelloWorld\NavigationHelloWorld.csproj", "{CE3A75A3-62E3-462C-9C32-A932557962CA}"
EndProject
Project("{FAE04EC0-301F-11D3-BF4B-00C04F79EFBC}") = "ButtonSample", "ButtonSample\ButtonSample.csproj", "{408B8531-46C3-4C06-8A2F-6F4E548B102C}"
EndProject
Project("{FAE04EC0-301F-11D3-BF4B-00C04F79EFBC}") = "RepeatButtonSample", "RepeatButtonSample\RepeatButtonSample.csproj", "{36C821B4-864E-4CDF-A64B-624C7A0D6C26}"
EndProject
Project("{2150E333-8FDC-42A3-9474-1A3956D46DE8}") = "99-ListControl", "99-ListControl", "{EA63D5EB-2E61-4F98-9CC9-8DCA387C8EB0}"
EndProject
Project("{2150E333-8FDC-42A3-9474-1A3956D46DE8}") = "05-DataView", "05-DataView", "{19A09D0C-11DE-4994-8B5F-47062A4830B1}"
EndProject
Project("{FAE04EC0-301F-11D3-BF4B-00C04F79EFBC}") = "DataGridSample01", "DataGridSample01\DataGridSample01.csproj", "{E1F145AF-C1EB-48F8-A40E-DFC28CA916CF}"
EndProject
Project("{FAE04EC0-301F-11D3-BF4B-00C04F79EFBC}") = "DataGridSample02", "DataGridSample02\DataGridSample02.csproj", "{D7A0C95D-7DA7-4633-9AE5-4DFB929E64A0}"
EndProject
Project("{FAE04EC0-301F-11D3-BF4B-00C04F79EFBC}") = "DataGridSample03", "DataGridSample03\DataGridSample03.csproj", "{1CDC056B-FD0F-4781-970B-037728754130}"
EndProject
Project("{FAE04EC0-301F-11D3-BF4B-00C04F79EFBC}") = "TreeViewSample01", "TreeViewSample01\TreeViewSample01.csproj", "{2F82979A-F0AC-48E3-B2B9-E645514A789C}"
EndProject
Project("{FAE04EC0-301F-11D3-BF4B-00C04F79EFBC}") = "TreeViewSample02", "TreeViewSample02\TreeViewSample02.csproj", "{26560790-2666-44E3-99AE-F5F018C1DE54}"
EndProject
Project("{FAE04EC0-301F-11D3-BF4B-00C04F79EFBC}") = "TreeViewSample03", "TreeViewSample03\TreeViewSample03.csproj", "{72E8EF27-02DD-40CF-8496-1BD1D91D7D07}"
EndProject
Project("{FAE04EC0-301F-11D3-BF4B-00C04F79EFBC}") = "TreeViewSample04", "TreeViewSample04\TreeViewSample04.csproj", "{E9D1EE48-5DA9-4C08-9C05-1710280B5582}"
EndProject
Project("{2150E333-8FDC-42A3-9474-1A3956D46DE8}") = "06-Date", "06-Date", "{E3845E83-7823-4966-B896-9C34AD946C81}"
EndProject
Project("{FAE04EC0-301F-11D3-BF4B-00C04F79EFBC}") = "CalendarSample01", "CalendarSample01\CalendarSample01.csproj", "{E712037A-D22F-4BC1-8B7F-3063238B1FB9}"
EndProject
Project("{FAE04EC0-301F-11D3-BF4B-00C04F79EFBC}") = "CalendarSample02", "CalendarSample02\CalendarSample02.csproj", "{A5969C42-3075-4F2D-9EA8-1EA4C515AC3C}"
EndProject
Project("{FAE04EC0-301F-11D3-BF4B-00C04F79EFBC}") = "CalendarSample03", "CalendarSample03\CalendarSample03.csproj", "{880488AA-1804-4CED-8A2A-44330768C249}"
EndProject
Project("{FAE04EC0-301F-11D3-BF4B-00C04F79EFBC}") = "DatePickerSample01", "DatePickerSample01\DatePickerSample01.csproj", "{73DBA7E1-FA1F-44D5-ABD6-DEE04268ECC1}"
EndProject
Project("{2150E333-8FDC-42A3-9474-1A3956D46DE8}") = "07-Menu", "07-Menu", "{4496DC72-3029-4383-92C4-14C6E0988E5F}"
EndProject
Project("{FAE04EC0-301F-11D3-BF4B-00C04F79EFBC}") = "ContextMenuSample01", "ContextMenuSample01\ContextMenuSample01.csproj", "{F543B676-1516-44F9-A75B-625C67424D97}"
EndProject
Global
	GlobalSection(SolutionConfigurationPlatforms) = preSolution
		Debug|Any CPU = Debug|Any CPU
		Release|Any CPU = Release|Any CPU
	EndGlobalSection
	GlobalSection(ProjectConfigurationPlatforms) = postSolution
		{7C17A9C5-E37D-43A4-A109-58E2C0494A80}.Debug|Any CPU.ActiveCfg = Debug|Any CPU
		{7C17A9C5-E37D-43A4-A109-58E2C0494A80}.Debug|Any CPU.Build.0 = Debug|Any CPU
		{7C17A9C5-E37D-43A4-A109-58E2C0494A80}.Release|Any CPU.ActiveCfg = Release|Any CPU
		{7C17A9C5-E37D-43A4-A109-58E2C0494A80}.Release|Any CPU.Build.0 = Release|Any CPU
		{D339858E-9DB0-4EBF-9C1E-9BE10F6B53B5}.Debug|Any CPU.ActiveCfg = Debug|Any CPU
		{D339858E-9DB0-4EBF-9C1E-9BE10F6B53B5}.Debug|Any CPU.Build.0 = Debug|Any CPU
		{D339858E-9DB0-4EBF-9C1E-9BE10F6B53B5}.Release|Any CPU.ActiveCfg = Release|Any CPU
		{D339858E-9DB0-4EBF-9C1E-9BE10F6B53B5}.Release|Any CPU.Build.0 = Release|Any CPU
		{112E694C-3078-45F1-B68D-988EDE017D66}.Debug|Any CPU.ActiveCfg = Debug|Any CPU
		{112E694C-3078-45F1-B68D-988EDE017D66}.Debug|Any CPU.Build.0 = Debug|Any CPU
		{112E694C-3078-45F1-B68D-988EDE017D66}.Release|Any CPU.ActiveCfg = Release|Any CPU
		{112E694C-3078-45F1-B68D-988EDE017D66}.Release|Any CPU.Build.0 = Release|Any CPU
		{B9C24875-E7DA-4E72-82B6-D70C4D7BA721}.Debug|Any CPU.ActiveCfg = Debug|Any CPU
		{B9C24875-E7DA-4E72-82B6-D70C4D7BA721}.Debug|Any CPU.Build.0 = Debug|Any CPU
		{B9C24875-E7DA-4E72-82B6-D70C4D7BA721}.Release|Any CPU.ActiveCfg = Release|Any CPU
		{B9C24875-E7DA-4E72-82B6-D70C4D7BA721}.Release|Any CPU.Build.0 = Release|Any CPU
		{08D0AA04-B379-45B2-8EFD-03B93DAE9217}.Debug|Any CPU.ActiveCfg = Debug|Any CPU
		{08D0AA04-B379-45B2-8EFD-03B93DAE9217}.Debug|Any CPU.Build.0 = Debug|Any CPU
		{08D0AA04-B379-45B2-8EFD-03B93DAE9217}.Release|Any CPU.ActiveCfg = Release|Any CPU
		{08D0AA04-B379-45B2-8EFD-03B93DAE9217}.Release|Any CPU.Build.0 = Release|Any CPU
		{1541D5D6-204C-496E-B587-7B421C8D0892}.Debug|Any CPU.ActiveCfg = Debug|Any CPU
		{1541D5D6-204C-496E-B587-7B421C8D0892}.Debug|Any CPU.Build.0 = Debug|Any CPU
		{1541D5D6-204C-496E-B587-7B421C8D0892}.Release|Any CPU.ActiveCfg = Release|Any CPU
		{1541D5D6-204C-496E-B587-7B421C8D0892}.Release|Any CPU.Build.0 = Release|Any CPU
		{09F45087-3895-4E3E-B9DC-BDFD1CC348D1}.Debug|Any CPU.ActiveCfg = Debug|Any CPU
		{09F45087-3895-4E3E-B9DC-BDFD1CC348D1}.Debug|Any CPU.Build.0 = Debug|Any CPU
		{09F45087-3895-4E3E-B9DC-BDFD1CC348D1}.Release|Any CPU.ActiveCfg = Release|Any CPU
		{09F45087-3895-4E3E-B9DC-BDFD1CC348D1}.Release|Any CPU.Build.0 = Release|Any CPU
		{68E26F68-4279-4670-8D9F-065220F439E4}.Debug|Any CPU.ActiveCfg = Debug|Any CPU
		{68E26F68-4279-4670-8D9F-065220F439E4}.Debug|Any CPU.Build.0 = Debug|Any CPU
		{68E26F68-4279-4670-8D9F-065220F439E4}.Release|Any CPU.ActiveCfg = Release|Any CPU
		{68E26F68-4279-4670-8D9F-065220F439E4}.Release|Any CPU.Build.0 = Release|Any CPU
		{97D9F69C-A518-4A12-8A4B-1607F19B2A12}.Debug|Any CPU.ActiveCfg = Debug|Any CPU
		{97D9F69C-A518-4A12-8A4B-1607F19B2A12}.Debug|Any CPU.Build.0 = Debug|Any CPU
		{97D9F69C-A518-4A12-8A4B-1607F19B2A12}.Release|Any CPU.ActiveCfg = Release|Any CPU
		{97D9F69C-A518-4A12-8A4B-1607F19B2A12}.Release|Any CPU.Build.0 = Release|Any CPU
		{6E0E9197-9DF9-4B42-9D88-93232B766DDD}.Debug|Any CPU.ActiveCfg = Debug|Any CPU
		{6E0E9197-9DF9-4B42-9D88-93232B766DDD}.Debug|Any CPU.Build.0 = Debug|Any CPU
		{6E0E9197-9DF9-4B42-9D88-93232B766DDD}.Release|Any CPU.ActiveCfg = Release|Any CPU
		{6E0E9197-9DF9-4B42-9D88-93232B766DDD}.Release|Any CPU.Build.0 = Release|Any CPU
		{4EF773B0-5538-4BC3-8289-9F991F075BC3}.Debug|Any CPU.ActiveCfg = Debug|Any CPU
		{4EF773B0-5538-4BC3-8289-9F991F075BC3}.Debug|Any CPU.Build.0 = Debug|Any CPU
		{4EF773B0-5538-4BC3-8289-9F991F075BC3}.Release|Any CPU.ActiveCfg = Release|Any CPU
		{4EF773B0-5538-4BC3-8289-9F991F075BC3}.Release|Any CPU.Build.0 = Release|Any CPU
		{B91220F6-E5E0-4BDC-BF08-1BAA3452C285}.Debug|Any CPU.ActiveCfg = Debug|Any CPU
		{B91220F6-E5E0-4BDC-BF08-1BAA3452C285}.Debug|Any CPU.Build.0 = Debug|Any CPU
		{B91220F6-E5E0-4BDC-BF08-1BAA3452C285}.Release|Any CPU.ActiveCfg = Release|Any CPU
		{B91220F6-E5E0-4BDC-BF08-1BAA3452C285}.Release|Any CPU.Build.0 = Release|Any CPU
		{004E3671-BD6A-4F1B-B0EE-6A4328AD5E61}.Debug|Any CPU.ActiveCfg = Debug|Any CPU
		{004E3671-BD6A-4F1B-B0EE-6A4328AD5E61}.Debug|Any CPU.Build.0 = Debug|Any CPU
		{004E3671-BD6A-4F1B-B0EE-6A4328AD5E61}.Release|Any CPU.ActiveCfg = Release|Any CPU
		{004E3671-BD6A-4F1B-B0EE-6A4328AD5E61}.Release|Any CPU.Build.0 = Release|Any CPU
		{14DF897E-698D-4C48-8C9B-CC44C72A1154}.Debug|Any CPU.ActiveCfg = Debug|Any CPU
		{14DF897E-698D-4C48-8C9B-CC44C72A1154}.Debug|Any CPU.Build.0 = Debug|Any CPU
		{14DF897E-698D-4C48-8C9B-CC44C72A1154}.Release|Any CPU.ActiveCfg = Release|Any CPU
		{14DF897E-698D-4C48-8C9B-CC44C72A1154}.Release|Any CPU.Build.0 = Release|Any CPU
		{A50BFD84-C6A3-4B4C-97B9-17D766316207}.Debug|Any CPU.ActiveCfg = Debug|Any CPU
		{A50BFD84-C6A3-4B4C-97B9-17D766316207}.Debug|Any CPU.Build.0 = Debug|Any CPU
		{A50BFD84-C6A3-4B4C-97B9-17D766316207}.Release|Any CPU.ActiveCfg = Release|Any CPU
		{A50BFD84-C6A3-4B4C-97B9-17D766316207}.Release|Any CPU.Build.0 = Release|Any CPU
		{4E25D94D-4533-4C45-BEFD-1F4B29A41529}.Debug|Any CPU.ActiveCfg = Debug|Any CPU
		{4E25D94D-4533-4C45-BEFD-1F4B29A41529}.Debug|Any CPU.Build.0 = Debug|Any CPU
		{4E25D94D-4533-4C45-BEFD-1F4B29A41529}.Release|Any CPU.ActiveCfg = Release|Any CPU
		{4E25D94D-4533-4C45-BEFD-1F4B29A41529}.Release|Any CPU.Build.0 = Release|Any CPU
		{9B2BDD5C-870C-43B5-9762-1B7E2F9D1157}.Debug|Any CPU.ActiveCfg = Debug|Any CPU
		{9B2BDD5C-870C-43B5-9762-1B7E2F9D1157}.Debug|Any CPU.Build.0 = Debug|Any CPU
		{9B2BDD5C-870C-43B5-9762-1B7E2F9D1157}.Release|Any CPU.ActiveCfg = Release|Any CPU
		{9B2BDD5C-870C-43B5-9762-1B7E2F9D1157}.Release|Any CPU.Build.0 = Release|Any CPU
		{AE6623A5-F8A2-4235-BDFE-F4EF8332CC6D}.Debug|Any CPU.ActiveCfg = Debug|Any CPU
		{AE6623A5-F8A2-4235-BDFE-F4EF8332CC6D}.Debug|Any CPU.Build.0 = Debug|Any CPU
		{AE6623A5-F8A2-4235-BDFE-F4EF8332CC6D}.Release|Any CPU.ActiveCfg = Release|Any CPU
		{AE6623A5-F8A2-4235-BDFE-F4EF8332CC6D}.Release|Any CPU.Build.0 = Release|Any CPU
		{B26AAA82-CD80-49C3-87FC-4A607ACAD06C}.Debug|Any CPU.ActiveCfg = Debug|Any CPU
		{B26AAA82-CD80-49C3-87FC-4A607ACAD06C}.Debug|Any CPU.Build.0 = Debug|Any CPU
		{B26AAA82-CD80-49C3-87FC-4A607ACAD06C}.Release|Any CPU.ActiveCfg = Release|Any CPU
		{B26AAA82-CD80-49C3-87FC-4A607ACAD06C}.Release|Any CPU.Build.0 = Release|Any CPU
		{F41FCD60-75BE-4D77-826C-CFA2835B52A8}.Debug|Any CPU.ActiveCfg = Debug|Any CPU
		{F41FCD60-75BE-4D77-826C-CFA2835B52A8}.Debug|Any CPU.Build.0 = Debug|Any CPU
		{F41FCD60-75BE-4D77-826C-CFA2835B52A8}.Release|Any CPU.ActiveCfg = Release|Any CPU
		{F41FCD60-75BE-4D77-826C-CFA2835B52A8}.Release|Any CPU.Build.0 = Release|Any CPU
		{74937EBB-DF51-4A24-ABC6-3FE815B23576}.Debug|Any CPU.ActiveCfg = Debug|Any CPU
		{74937EBB-DF51-4A24-ABC6-3FE815B23576}.Debug|Any CPU.Build.0 = Debug|Any CPU
		{74937EBB-DF51-4A24-ABC6-3FE815B23576}.Release|Any CPU.ActiveCfg = Release|Any CPU
		{74937EBB-DF51-4A24-ABC6-3FE815B23576}.Release|Any CPU.Build.0 = Release|Any CPU
		{D50561E8-C307-4EF2-AA39-4DFB48A78665}.Debug|Any CPU.ActiveCfg = Debug|Any CPU
		{D50561E8-C307-4EF2-AA39-4DFB48A78665}.Debug|Any CPU.Build.0 = Debug|Any CPU
		{D50561E8-C307-4EF2-AA39-4DFB48A78665}.Release|Any CPU.ActiveCfg = Release|Any CPU
		{D50561E8-C307-4EF2-AA39-4DFB48A78665}.Release|Any CPU.Build.0 = Release|Any CPU
		{4A2F08E4-9CA9-4AA1-A146-DFFCB397F43F}.Debug|Any CPU.ActiveCfg = Debug|Any CPU
		{4A2F08E4-9CA9-4AA1-A146-DFFCB397F43F}.Debug|Any CPU.Build.0 = Debug|Any CPU
		{4A2F08E4-9CA9-4AA1-A146-DFFCB397F43F}.Release|Any CPU.ActiveCfg = Release|Any CPU
		{4A2F08E4-9CA9-4AA1-A146-DFFCB397F43F}.Release|Any CPU.Build.0 = Release|Any CPU
		{392B5090-4B75-44AB-BD93-74A89D20FE17}.Debug|Any CPU.ActiveCfg = Debug|Any CPU
		{392B5090-4B75-44AB-BD93-74A89D20FE17}.Debug|Any CPU.Build.0 = Debug|Any CPU
		{392B5090-4B75-44AB-BD93-74A89D20FE17}.Release|Any CPU.ActiveCfg = Release|Any CPU
		{392B5090-4B75-44AB-BD93-74A89D20FE17}.Release|Any CPU.Build.0 = Release|Any CPU
		{EE6C9ED4-D17B-4B52-B92F-511ED1A0BC9F}.Debug|Any CPU.ActiveCfg = Debug|Any CPU
		{EE6C9ED4-D17B-4B52-B92F-511ED1A0BC9F}.Debug|Any CPU.Build.0 = Debug|Any CPU
		{EE6C9ED4-D17B-4B52-B92F-511ED1A0BC9F}.Release|Any CPU.ActiveCfg = Release|Any CPU
		{EE6C9ED4-D17B-4B52-B92F-511ED1A0BC9F}.Release|Any CPU.Build.0 = Release|Any CPU
		{CE3A75A3-62E3-462C-9C32-A932557962CA}.Debug|Any CPU.ActiveCfg = Debug|Any CPU
		{CE3A75A3-62E3-462C-9C32-A932557962CA}.Debug|Any CPU.Build.0 = Debug|Any CPU
		{CE3A75A3-62E3-462C-9C32-A932557962CA}.Release|Any CPU.ActiveCfg = Release|Any CPU
		{CE3A75A3-62E3-462C-9C32-A932557962CA}.Release|Any CPU.Build.0 = Release|Any CPU
		{408B8531-46C3-4C06-8A2F-6F4E548B102C}.Debug|Any CPU.ActiveCfg = Debug|Any CPU
		{408B8531-46C3-4C06-8A2F-6F4E548B102C}.Debug|Any CPU.Build.0 = Debug|Any CPU
		{408B8531-46C3-4C06-8A2F-6F4E548B102C}.Release|Any CPU.ActiveCfg = Release|Any CPU
		{408B8531-46C3-4C06-8A2F-6F4E548B102C}.Release|Any CPU.Build.0 = Release|Any CPU
		{36C821B4-864E-4CDF-A64B-624C7A0D6C26}.Debug|Any CPU.ActiveCfg = Debug|Any CPU
		{36C821B4-864E-4CDF-A64B-624C7A0D6C26}.Debug|Any CPU.Build.0 = Debug|Any CPU
		{36C821B4-864E-4CDF-A64B-624C7A0D6C26}.Release|Any CPU.ActiveCfg = Release|Any CPU
		{36C821B4-864E-4CDF-A64B-624C7A0D6C26}.Release|Any CPU.Build.0 = Release|Any CPU
		{E1F145AF-C1EB-48F8-A40E-DFC28CA916CF}.Debug|Any CPU.ActiveCfg = Debug|Any CPU
		{E1F145AF-C1EB-48F8-A40E-DFC28CA916CF}.Debug|Any CPU.Build.0 = Debug|Any CPU
		{E1F145AF-C1EB-48F8-A40E-DFC28CA916CF}.Release|Any CPU.ActiveCfg = Release|Any CPU
		{E1F145AF-C1EB-48F8-A40E-DFC28CA916CF}.Release|Any CPU.Build.0 = Release|Any CPU
		{D7A0C95D-7DA7-4633-9AE5-4DFB929E64A0}.Debug|Any CPU.ActiveCfg = Debug|Any CPU
		{D7A0C95D-7DA7-4633-9AE5-4DFB929E64A0}.Debug|Any CPU.Build.0 = Debug|Any CPU
		{D7A0C95D-7DA7-4633-9AE5-4DFB929E64A0}.Release|Any CPU.ActiveCfg = Release|Any CPU
		{D7A0C95D-7DA7-4633-9AE5-4DFB929E64A0}.Release|Any CPU.Build.0 = Release|Any CPU
		{1CDC056B-FD0F-4781-970B-037728754130}.Debug|Any CPU.ActiveCfg = Debug|Any CPU
		{1CDC056B-FD0F-4781-970B-037728754130}.Debug|Any CPU.Build.0 = Debug|Any CPU
		{1CDC056B-FD0F-4781-970B-037728754130}.Release|Any CPU.ActiveCfg = Release|Any CPU
		{1CDC056B-FD0F-4781-970B-037728754130}.Release|Any CPU.Build.0 = Release|Any CPU
		{2F82979A-F0AC-48E3-B2B9-E645514A789C}.Debug|Any CPU.ActiveCfg = Debug|Any CPU
		{2F82979A-F0AC-48E3-B2B9-E645514A789C}.Debug|Any CPU.Build.0 = Debug|Any CPU
		{2F82979A-F0AC-48E3-B2B9-E645514A789C}.Release|Any CPU.ActiveCfg = Release|Any CPU
		{2F82979A-F0AC-48E3-B2B9-E645514A789C}.Release|Any CPU.Build.0 = Release|Any CPU
		{26560790-2666-44E3-99AE-F5F018C1DE54}.Debug|Any CPU.ActiveCfg = Debug|Any CPU
		{26560790-2666-44E3-99AE-F5F018C1DE54}.Debug|Any CPU.Build.0 = Debug|Any CPU
		{26560790-2666-44E3-99AE-F5F018C1DE54}.Release|Any CPU.ActiveCfg = Release|Any CPU
		{26560790-2666-44E3-99AE-F5F018C1DE54}.Release|Any CPU.Build.0 = Release|Any CPU
		{72E8EF27-02DD-40CF-8496-1BD1D91D7D07}.Debug|Any CPU.ActiveCfg = Debug|Any CPU
		{72E8EF27-02DD-40CF-8496-1BD1D91D7D07}.Debug|Any CPU.Build.0 = Debug|Any CPU
		{72E8EF27-02DD-40CF-8496-1BD1D91D7D07}.Release|Any CPU.ActiveCfg = Release|Any CPU
		{72E8EF27-02DD-40CF-8496-1BD1D91D7D07}.Release|Any CPU.Build.0 = Release|Any CPU
		{E9D1EE48-5DA9-4C08-9C05-1710280B5582}.Debug|Any CPU.ActiveCfg = Debug|Any CPU
		{E9D1EE48-5DA9-4C08-9C05-1710280B5582}.Debug|Any CPU.Build.0 = Debug|Any CPU
		{E9D1EE48-5DA9-4C08-9C05-1710280B5582}.Release|Any CPU.ActiveCfg = Release|Any CPU
		{E9D1EE48-5DA9-4C08-9C05-1710280B5582}.Release|Any CPU.Build.0 = Release|Any CPU
		{E712037A-D22F-4BC1-8B7F-3063238B1FB9}.Debug|Any CPU.ActiveCfg = Debug|Any CPU
		{E712037A-D22F-4BC1-8B7F-3063238B1FB9}.Debug|Any CPU.Build.0 = Debug|Any CPU
		{E712037A-D22F-4BC1-8B7F-3063238B1FB9}.Release|Any CPU.ActiveCfg = Release|Any CPU
		{E712037A-D22F-4BC1-8B7F-3063238B1FB9}.Release|Any CPU.Build.0 = Release|Any CPU
		{A5969C42-3075-4F2D-9EA8-1EA4C515AC3C}.Debug|Any CPU.ActiveCfg = Debug|Any CPU
		{A5969C42-3075-4F2D-9EA8-1EA4C515AC3C}.Debug|Any CPU.Build.0 = Debug|Any CPU
		{A5969C42-3075-4F2D-9EA8-1EA4C515AC3C}.Release|Any CPU.ActiveCfg = Release|Any CPU
		{A5969C42-3075-4F2D-9EA8-1EA4C515AC3C}.Release|Any CPU.Build.0 = Release|Any CPU
		{880488AA-1804-4CED-8A2A-44330768C249}.Debug|Any CPU.ActiveCfg = Debug|Any CPU
		{880488AA-1804-4CED-8A2A-44330768C249}.Debug|Any CPU.Build.0 = Debug|Any CPU
		{880488AA-1804-4CED-8A2A-44330768C249}.Release|Any CPU.ActiveCfg = Release|Any CPU
		{880488AA-1804-4CED-8A2A-44330768C249}.Release|Any CPU.Build.0 = Release|Any CPU
		{73DBA7E1-FA1F-44D5-ABD6-DEE04268ECC1}.Debug|Any CPU.ActiveCfg = Debug|Any CPU
		{73DBA7E1-FA1F-44D5-ABD6-DEE04268ECC1}.Debug|Any CPU.Build.0 = Debug|Any CPU
		{73DBA7E1-FA1F-44D5-ABD6-DEE04268ECC1}.Release|Any CPU.ActiveCfg = Release|Any CPU
		{73DBA7E1-FA1F-44D5-ABD6-DEE04268ECC1}.Release|Any CPU.Build.0 = Release|Any CPU
		{F543B676-1516-44F9-A75B-625C67424D97}.Debug|Any CPU.ActiveCfg = Debug|Any CPU
		{F543B676-1516-44F9-A75B-625C67424D97}.Debug|Any CPU.Build.0 = Debug|Any CPU
		{F543B676-1516-44F9-A75B-625C67424D97}.Release|Any CPU.ActiveCfg = Release|Any CPU
		{F543B676-1516-44F9-A75B-625C67424D97}.Release|Any CPU.Build.0 = Release|Any CPU
	EndGlobalSection
	GlobalSection(SolutionProperties) = preSolution
		HideSolutionNode = FALSE
	EndGlobalSection
	GlobalSection(NestedProjects) = preSolution
		{7C17A9C5-E37D-43A4-A109-58E2C0494A80} = {369585D3-F406-49EB-9894-328DDB188F7C}
		{D339858E-9DB0-4EBF-9C1E-9BE10F6B53B5} = {369585D3-F406-49EB-9894-328DDB188F7C}
		{112E694C-3078-45F1-B68D-988EDE017D66} = {7149F2AF-CFBB-4459-B835-E40254CD3AD0}
		{B9C24875-E7DA-4E72-82B6-D70C4D7BA721} = {7149F2AF-CFBB-4459-B835-E40254CD3AD0}
		{08D0AA04-B379-45B2-8EFD-03B93DAE9217} = {7149F2AF-CFBB-4459-B835-E40254CD3AD0}
		{1541D5D6-204C-496E-B587-7B421C8D0892} = {7149F2AF-CFBB-4459-B835-E40254CD3AD0}
		{09F45087-3895-4E3E-B9DC-BDFD1CC348D1} = {7149F2AF-CFBB-4459-B835-E40254CD3AD0}
		{68E26F68-4279-4670-8D9F-065220F439E4} = {7149F2AF-CFBB-4459-B835-E40254CD3AD0}
		{97D9F69C-A518-4A12-8A4B-1607F19B2A12} = {7149F2AF-CFBB-4459-B835-E40254CD3AD0}
		{6E0E9197-9DF9-4B42-9D88-93232B766DDD} = {D6EEBA13-3474-4BF2-B254-6102C3179B7E}
		{4EF773B0-5538-4BC3-8289-9F991F075BC3} = {D6EEBA13-3474-4BF2-B254-6102C3179B7E}
		{B91220F6-E5E0-4BDC-BF08-1BAA3452C285} = {D6EEBA13-3474-4BF2-B254-6102C3179B7E}
		{004E3671-BD6A-4F1B-B0EE-6A4328AD5E61} = {D6EEBA13-3474-4BF2-B254-6102C3179B7E}
		{14DF897E-698D-4C48-8C9B-CC44C72A1154} = {D6EEBA13-3474-4BF2-B254-6102C3179B7E}
		{A50BFD84-C6A3-4B4C-97B9-17D766316207} = {D6EEBA13-3474-4BF2-B254-6102C3179B7E}
		{4E25D94D-4533-4C45-BEFD-1F4B29A41529} = {D6EEBA13-3474-4BF2-B254-6102C3179B7E}
		{9B2BDD5C-870C-43B5-9762-1B7E2F9D1157} = {D6EEBA13-3474-4BF2-B254-6102C3179B7E}
		{AE6623A5-F8A2-4235-BDFE-F4EF8332CC6D} = {D6EEBA13-3474-4BF2-B254-6102C3179B7E}
		{B26AAA82-CD80-49C3-87FC-4A607ACAD06C} = {D6EEBA13-3474-4BF2-B254-6102C3179B7E}
		{F41FCD60-75BE-4D77-826C-CFA2835B52A8} = {D6EEBA13-3474-4BF2-B254-6102C3179B7E}
		{74937EBB-DF51-4A24-ABC6-3FE815B23576} = {D6EEBA13-3474-4BF2-B254-6102C3179B7E}
		{D50561E8-C307-4EF2-AA39-4DFB48A78665} = {D6EEBA13-3474-4BF2-B254-6102C3179B7E}
		{4A2F08E4-9CA9-4AA1-A146-DFFCB397F43F} = {D6EEBA13-3474-4BF2-B254-6102C3179B7E}
		{392B5090-4B75-44AB-BD93-74A89D20FE17} = {369585D3-F406-49EB-9894-328DDB188F7C}
		{EE6C9ED4-D17B-4B52-B92F-511ED1A0BC9F} = {369585D3-F406-49EB-9894-328DDB188F7C}
		{CE3A75A3-62E3-462C-9C32-A932557962CA} = {369585D3-F406-49EB-9894-328DDB188F7C}
		{408B8531-46C3-4C06-8A2F-6F4E548B102C} = {8B92C472-3560-4EDE-A049-470779FA945E}
		{36C821B4-864E-4CDF-A64B-624C7A0D6C26} = {8B92C472-3560-4EDE-A049-470779FA945E}
		{E1F145AF-C1EB-48F8-A40E-DFC28CA916CF} = {19A09D0C-11DE-4994-8B5F-47062A4830B1}
		{D7A0C95D-7DA7-4633-9AE5-4DFB929E64A0} = {19A09D0C-11DE-4994-8B5F-47062A4830B1}
		{1CDC056B-FD0F-4781-970B-037728754130} = {19A09D0C-11DE-4994-8B5F-47062A4830B1}
		{2F82979A-F0AC-48E3-B2B9-E645514A789C} = {19A09D0C-11DE-4994-8B5F-47062A4830B1}
		{26560790-2666-44E3-99AE-F5F018C1DE54} = {19A09D0C-11DE-4994-8B5F-47062A4830B1}
		{72E8EF27-02DD-40CF-8496-1BD1D91D7D07} = {19A09D0C-11DE-4994-8B5F-47062A4830B1}
		{E9D1EE48-5DA9-4C08-9C05-1710280B5582} = {19A09D0C-11DE-4994-8B5F-47062A4830B1}
		{E712037A-D22F-4BC1-8B7F-3063238B1FB9} = {E3845E83-7823-4966-B896-9C34AD946C81}
		{A5969C42-3075-4F2D-9EA8-1EA4C515AC3C} = {E3845E83-7823-4966-B896-9C34AD946C81}
		{880488AA-1804-4CED-8A2A-44330768C249} = {E3845E83-7823-4966-B896-9C34AD946C81}
		{73DBA7E1-FA1F-44D5-ABD6-DEE04268ECC1} = {E3845E83-7823-4966-B896-9C34AD946C81}
		{F543B676-1516-44F9-A75B-625C67424D97} = {4496DC72-3029-4383-92C4-14C6E0988E5F}
	EndGlobalSection
EndGlobal
